
Microsoft Visual Studio Solution File, Format Version 12.00
Project("{FAE04EC0-301F-11D3-BF4B-00C04F79EFBC}") = "Content.Capacities.Api.Client", "Content.Capacities.Api.Client\Content.Capacities.Api.Client.csproj", "{E28B90F3-523C-4803-BFBB-A1FDD2EA64D8}"
EndProject
Project("{FAE04EC0-301F-11D3-BF4B-00C04F79EFBC}") = "Content.Telegram.Bot.Api", "Content.Telegram.Bot.Api\Content.Telegram.Bot.Api.csproj", "{631793BB-B185-43D2-A55A-DD18EA914145}"
EndProject
Global
	GlobalSection(SolutionConfigurationPlatforms) = preSolution
		Debug|Any CPU = Debug|Any CPU
		Release|Any CPU = Release|Any CPU
	EndGlobalSection
	GlobalSection(ProjectConfigurationPlatforms) = postSolution
		{E28B90F3-523C-4803-BFBB-A1FDD2EA64D8}.Debug|Any CPU.ActiveCfg = Debug|Any CPU
		{E28B90F3-523C-4803-BFBB-A1FDD2EA64D8}.Debug|Any CPU.Build.0 = Debug|Any CPU
		{E28B90F3-523C-4803-BFBB-A1FDD2EA64D8}.Release|Any CPU.ActiveCfg = Release|Any CPU
		{E28B90F3-523C-4803-BFBB-A1FDD2EA64D8}.Release|Any CPU.Build.0 = Release|Any CPU
		{631793BB-B185-43D2-A55A-DD18EA914145}.Debug|Any CPU.ActiveCfg = Debug|Any CPU
		{631793BB-B185-43D2-A55A-DD18EA914145}.Debug|Any CPU.Build.0 = Debug|Any CPU
		{631793BB-B185-43D2-A55A-DD18EA914145}.Release|Any CPU.ActiveCfg = Release|Any CPU
		{631793BB-B185-43D2-A55A-DD18EA914145}.Release|Any CPU.Build.0 = Release|Any CPU
	EndGlobalSection
EndGlobal
